# This file is @generated by PDM.
# It is not intended for manual editing.

[[package]]
name = "beautifulsoup4"
version = "4.12.2"
requires_python = ">=3.6.0"
summary = "Screen-scraping library"
dependencies = [
    "soupsieve>1.2",
]

[[package]]
name = "google"
version = "3.0.0"
summary = "Python bindings to the Google search engine."
dependencies = [
    "beautifulsoup4",
]

[[package]]
name = "protobuf"
version = "4.23.2"
requires_python = ">=3.7"
summary = ""

[[package]]
name = "soupsieve"
version = "2.4.1"
requires_python = ">=3.7"
summary = "A modern CSS selector implementation for Beautiful Soup."

[metadata]
lock_version = "4.2"
cross_platform = true
groups = ["default"]
content_hash = "sha256:f83248e87faedce7aab351aa5105781e698a024537f4b93acf9363716a24d272"

[metadata.files]
"beautifulsoup4 4.12.2" = [
    {url = "https://files.pythonhosted.org/packages/57/f4/a69c20ee4f660081a7dedb1ac57f29be9378e04edfcb90c526b923d4bebc/beautifulsoup4-4.12.2-py3-none-any.whl", hash = "sha256:bd2520ca0d9d7d12694a53d44ac482d181b4ec1888909b035a3dbf40d0f57d4a"},
    {url = "https://files.pythonhosted.org/packages/af/0b/44c39cf3b18a9280950ad63a579ce395dda4c32193ee9da7ff0aed547094/beautifulsoup4-4.12.2.tar.gz", hash = "sha256:492bbc69dca35d12daac71c4db1bfff0c876c00ef4a2ffacce226d4638eb72da"},
]
"google 3.0.0" = [
    {url = "https://files.pythonhosted.org/packages/89/97/b49c69893cddea912c7a660a4b6102c6b02cd268f8c7162dd70b7c16f753/google-3.0.0.tar.gz", hash = "sha256:143530122ee5130509ad5e989f0512f7cb218b2d4eddbafbad40fd10e8d8ccbe"},
    {url = "https://files.pythonhosted.org/packages/ac/35/17c9141c4ae21e9a29a43acdfd848e3e468a810517f862cad07977bf8fe9/google-3.0.0-py2.py3-none-any.whl", hash = "sha256:889cf695f84e4ae2c55fbc0cfdaf4c1e729417fa52ab1db0485202ba173e4935"},
]
"protobuf 4.23.2" = [
    {url = "https://files.pythonhosted.org/packages/01/2b/d8d9f18f013869fb0ef1e10bcbe2c7d922f9852594dc16c61fd39da21231/protobuf-4.23.2-cp39-cp39-win_amd64.whl", hash = "sha256:54a533b971288af3b9926e53850c7eb186886c0c84e61daa8444385a4720297f"},
    {url = "https://files.pythonhosted.org/packages/0a/1d/c3dea2372f3c39fd44c612c88b418c08d2a08f95168a560be8f6ed4f59d7/protobuf-4.23.2-cp38-cp38-win32.whl", hash = "sha256:6c081863c379bb1741be8f8193e893511312b1d7329b4a75445d1ea9955be69e"},
    {url = "https://files.pythonhosted.org/packages/14/23/f3b852093f3a7031049313913e04431e7a32bd9752adfaf79d1193cf05b1/protobuf-4.23.2-cp37-abi3-manylinux2014_x86_64.whl", hash = "sha256:86df87016d290143c7ce3be3ad52d055714ebaebb57cc659c387e76cfacd81aa"},
    {url = "https://files.pythonhosted.org/packages/1d/af/4e351c0157d5a0440dc3ac0b3c1fdaa036b3b446bf98310b5e3d6d9d2733/protobuf-4.23.2-py3-none-any.whl", hash = "sha256:8da6070310d634c99c0db7df48f10da495cc283fd9e9234877f0cd182d43ab7f"},
    {url = "https://files.pythonhosted.org/packages/5b/bc/d858096c9867968b184048a1c4048aa7fa95c69f3b7d10ea18d1061c7e65/protobuf-4.23.2-cp37-cp37m-win32.whl", hash = "sha256:281342ea5eb631c86697e1e048cb7e73b8a4e85f3299a128c116f05f5c668f8f"},
    {url = "https://files.pythonhosted.org/packages/7f/2e/49d5a453d68febffbb602ad985b7432377e36bdf47198c6ab05021b33016/protobuf-4.23.2.tar.gz", hash = "sha256:20874e7ca4436f683b64ebdbee2129a5a2c301579a67d1a7dda2cdf62fb7f5f7"},
    {url = "https://files.pythonhosted.org/packages/8b/e8/778843c7d969167a8be2967a19f55b50ee286fe44ceac17283beafc27fae/protobuf-4.23.2-cp37-abi3-macosx_10_9_universal2.whl", hash = "sha256:b2cfab63a230b39ae603834718db74ac11e52bccaaf19bf20f5cce1a84cf76df"},
    {url = "https://files.pythonhosted.org/packages/b2/0b/5dad6967d12c4333c3389fb0648e32a143296b4c8e93dd6330da7cb51c71/protobuf-4.23.2-cp39-cp39-win32.whl", hash = "sha256:efabbbbac1ab519a514579ba9ec52f006c28ae19d97915951f69fa70da2c9e91"},
    {url = "https://files.pythonhosted.org/packages/b4/39/be34246e573270e3db7bc74690ddfdaf5d5b267129d657d278949a496572/protobuf-4.23.2-cp37-abi3-manylinux2014_aarch64.whl", hash = "sha256:c52cfcbfba8eb791255edd675c1fe6056f723bf832fa67f0442218f8817c076e"},
    {url = "https://files.pythonhosted.org/packages/b5/c6/8b23679288c7135d1be7972e7c1435ea21be8b380d8b88b5627f7dc58851/protobuf-4.23.2-cp310-abi3-win32.whl", hash = "sha256:384dd44cb4c43f2ccddd3645389a23ae61aeb8cfa15ca3a0f60e7c3ea09b28b3"},
    {url = "https://files.pythonhosted.org/packages/be/13/dcec82bd1799f0be81217eb78eaa0db5d47c1b90acaee03417d2aa888a41/protobuf-4.23.2-cp37-cp37m-win_amd64.whl", hash = "sha256:ce744938406de1e64b91410f473736e815f28c3b71201302612a68bf01517fea"},
    {url = "https://files.pythonhosted.org/packages/e7/ed/7472101221493605af740238fa72bd10c9965e05c50b3ef7904c7cad712c/protobuf-4.23.2-cp310-abi3-win_amd64.whl", hash = "sha256:09310bce43353b46d73ba7e3bca78273b9bc50349509b9698e64d288c6372c2a"},
    {url = "https://files.pythonhosted.org/packages/f2/07/9f7717f8b8a1bfd00d50c367ff8cc1ad23bde1106f914e5e74c7fb18bd92/protobuf-4.23.2-cp38-cp38-win_amd64.whl", hash = "sha256:25e3370eda26469b58b602e29dff069cfaae8eaa0ef4550039cc5ef8dc004511"},
]
"soupsieve 2.4.1" = [
    {url = "https://files.pythonhosted.org/packages/47/9e/780779233a615777fbdf75a4dee2af7a345f4bf74b42d4a5f836800b9d91/soupsieve-2.4.1.tar.gz", hash = "sha256:89d12b2d5dfcd2c9e8c22326da9d9aa9cb3dfab0a83a024f05704076ee8d35ea"},
    {url = "https://files.pythonhosted.org/packages/49/37/673d6490efc51ec46d198c75903d99de59baffdd47aea3d071b80a9e4e89/soupsieve-2.4.1-py3-none-any.whl", hash = "sha256:1c1bfee6819544a3447586c889157365a27e10d88cde3ad3da0cf0ddf646feb8"},
]
